
Microsoft Visual Studio Solution File, Format Version 12.00
# Visual Studio 15
VisualStudioVersion = 15.0.27703.2035
MinimumVisualStudioVersion = 10.0.40219.1
Project("{9A19103F-16F7-4668-BE54-9A1E7A4F7556}") = "Base", "Base\Base.csproj", "{C30C9688-DD5C-4111-BA63-77839EF6830F}"
EndProject
Project("{9A19103F-16F7-4668-BE54-9A1E7A4F7556}") = "Logging", "Logging\Logging.csproj", "{2A1E8859-030B-48AE-9867-B1668EFCD92C}"
EndProject
Project("{9A19103F-16F7-4668-BE54-9A1E7A4F7556}") = "DataRepository", "DataRepository\DataRepository.csproj", "{AB53584E-C3A8-4F2B-BF19-5172CB1700F4}"
EndProject
Project("{9A19103F-16F7-4668-BE54-9A1E7A4F7556}") = "ConflictCatalogImport", "ConflictCatalogImport\ConflictCatalogImport.csproj", "{D1009AB0-D932-4A14-9042-B18B6C4A275F}"
EndProject
Project("{9A19103F-16F7-4668-BE54-9A1E7A4F7556}") = "Services", "Services\Services.csproj", "{492E5EC8-7B03-411C-A48E-8DFF6371FFF5}"
EndProject
Project("{9A19103F-16F7-4668-BE54-9A1E7A4F7556}") = "ConflictAndActorMapping", "ConflictAndActorMapping\ConflictAndActorMapping.csproj", "{89F9796C-2B48-4772-BB0C-A7E314D1A8E2}"
EndProject
Global
	GlobalSection(SolutionConfigurationPlatforms) = preSolution
		Debug|Any CPU = Debug|Any CPU
		Release|Any CPU = Release|Any CPU
	EndGlobalSection
	GlobalSection(ProjectConfigurationPlatforms) = postSolution
		{C30C9688-DD5C-4111-BA63-77839EF6830F}.Debug|Any CPU.ActiveCfg = Debug|Any CPU
		{C30C9688-DD5C-4111-BA63-77839EF6830F}.Debug|Any CPU.Build.0 = Debug|Any CPU
		{C30C9688-DD5C-4111-BA63-77839EF6830F}.Release|Any CPU.ActiveCfg = Release|Any CPU
		{C30C9688-DD5C-4111-BA63-77839EF6830F}.Release|Any CPU.Build.0 = Release|Any CPU
		{2A1E8859-030B-48AE-9867-B1668EFCD92C}.Debug|Any CPU.ActiveCfg = Debug|Any CPU
		{2A1E8859-030B-48AE-9867-B1668EFCD92C}.Debug|Any CPU.Build.0 = Debug|Any CPU
		{2A1E8859-030B-48AE-9867-B1668EFCD92C}.Release|Any CPU.ActiveCfg = Release|Any CPU
		{2A1E8859-030B-48AE-9867-B1668EFCD92C}.Release|Any CPU.Build.0 = Release|Any CPU
		{AB53584E-C3A8-4F2B-BF19-5172CB1700F4}.Debug|Any CPU.ActiveCfg = Debug|Any CPU
		{AB53584E-C3A8-4F2B-BF19-5172CB1700F4}.Debug|Any CPU.Build.0 = Debug|Any CPU
		{AB53584E-C3A8-4F2B-BF19-5172CB1700F4}.Release|Any CPU.ActiveCfg = Release|Any CPU
		{AB53584E-C3A8-4F2B-BF19-5172CB1700F4}.Release|Any CPU.Build.0 = Release|Any CPU
		{D1009AB0-D932-4A14-9042-B18B6C4A275F}.Debug|Any CPU.ActiveCfg = Debug|Any CPU
		{D1009AB0-D932-4A14-9042-B18B6C4A275F}.Debug|Any CPU.Build.0 = Debug|Any CPU
		{D1009AB0-D932-4A14-9042-B18B6C4A275F}.Release|Any CPU.ActiveCfg = Release|Any CPU
		{D1009AB0-D932-4A14-9042-B18B6C4A275F}.Release|Any CPU.Build.0 = Release|Any CPU
		{492E5EC8-7B03-411C-A48E-8DFF6371FFF5}.Debug|Any CPU.ActiveCfg = Debug|Any CPU
		{492E5EC8-7B03-411C-A48E-8DFF6371FFF5}.Debug|Any CPU.Build.0 = Debug|Any CPU
		{492E5EC8-7B03-411C-A48E-8DFF6371FFF5}.Release|Any CPU.ActiveCfg = Release|Any CPU
		{492E5EC8-7B03-411C-A48E-8DFF6371FFF5}.Release|Any CPU.Build.0 = Release|Any CPU
		{89F9796C-2B48-4772-BB0C-A7E314D1A8E2}.Debug|Any CPU.ActiveCfg = Debug|Any CPU
		{89F9796C-2B48-4772-BB0C-A7E314D1A8E2}.Debug|Any CPU.Build.0 = Debug|Any CPU
		{89F9796C-2B48-4772-BB0C-A7E314D1A8E2}.Release|Any CPU.ActiveCfg = Release|Any CPU
		{89F9796C-2B48-4772-BB0C-A7E314D1A8E2}.Release|Any CPU.Build.0 = Release|Any CPU
	EndGlobalSection
	GlobalSection(SolutionProperties) = preSolution
		HideSolutionNode = FALSE
	EndGlobalSection
	GlobalSection(ExtensibilityGlobals) = postSolution
		SolutionGuid = {5244CD84-56D6-4259-96AC-96609349B13F}
	EndGlobalSection
EndGlobal
